
Microsoft Visual Studio Solution File, Format Version 12.00
# Visual Studio 14
VisualStudioVersion = 14.0.25420.1
MinimumVisualStudioVersion = 10.0.40219.1
Project("{FAE04EC0-301F-11D3-BF4B-00C04F79EFBC}") = "CastelloApiTests", "CastelloApiTests\CastelloApiTests.csproj", "{14D0A11B-033E-4B7C-B8E7-D68A7E93C1CA}"
EndProject
Project("{FAE04EC0-301F-11D3-BF4B-00C04F79EFBC}") = "ClientRequest", "ClientRequest\ClientRequest.csproj", "{F643F0CE-9D3F-4473-906F-835B4D6C043E}"
EndProject
Global
	GlobalSection(SolutionConfigurationPlatforms) = preSolution
		Debug|Any CPU = Debug|Any CPU
		Release|Any CPU = Release|Any CPU
	EndGlobalSection
	GlobalSection(ProjectConfigurationPlatforms) = postSolution
		{14D0A11B-033E-4B7C-B8E7-D68A7E93C1CA}.Debug|Any CPU.ActiveCfg = Debug|Any CPU
		{14D0A11B-033E-4B7C-B8E7-D68A7E93C1CA}.Debug|Any CPU.Build.0 = Debug|Any CPU
		{14D0A11B-033E-4B7C-B8E7-D68A7E93C1CA}.Release|Any CPU.ActiveCfg = Release|Any CPU
		{14D0A11B-033E-4B7C-B8E7-D68A7E93C1CA}.Release|Any CPU.Build.0 = Release|Any CPU
		{F643F0CE-9D3F-4473-906F-835B4D6C043E}.Debug|Any CPU.ActiveCfg = Debug|Any CPU
		{F643F0CE-9D3F-4473-906F-835B4D6C043E}.Debug|Any CPU.Build.0 = Debug|Any CPU
		{F643F0CE-9D3F-4473-906F-835B4D6C043E}.Release|Any CPU.ActiveCfg = Release|Any CPU
		{F643F0CE-9D3F-4473-906F-835B4D6C043E}.Release|Any CPU.Build.0 = Release|Any CPU
	EndGlobalSection
	GlobalSection(SolutionProperties) = preSolution
		HideSolutionNode = FALSE
	EndGlobalSection
EndGlobal
